
Microsoft Visual Studio Solution File, Format Version 12.00
# Visual Studio 15
VisualStudioVersion = 15.0.28307.271
MinimumVisualStudioVersion = 10.0.40219.1
Project("{FAE04EC0-301F-11D3-BF4B-00C04F79EFBC}") = "EntityFramework.Console", "EntityFramework.Console\EntityFramework.Console.csproj", "{D2475C36-91D1-4572-8E77-3CAADFA12972}"
EndProject
Project("{FAE04EC0-301F-11D3-BF4B-00C04F79EFBC}") = "EntityFramework.Core", "EntityFramework.Core\EntityFramework.Core.csproj", "{53AACB4E-2079-4987-9899-06134DBD1421}"
EndProject
Global
	GlobalSection(SolutionConfigurationPlatforms) = preSolution
		Debug|Any CPU = Debug|Any CPU
		Release|Any CPU = Release|Any CPU
	EndGlobalSection
	GlobalSection(ProjectConfigurationPlatforms) = postSolution
		{D2475C36-91D1-4572-8E77-3CAADFA12972}.Debug|Any CPU.ActiveCfg = Debug|Any CPU
		{D2475C36-91D1-4572-8E77-3CAADFA12972}.Debug|Any CPU.Build.0 = Debug|Any CPU
		{D2475C36-91D1-4572-8E77-3CAADFA12972}.Release|Any CPU.ActiveCfg = Release|Any CPU
		{D2475C36-91D1-4572-8E77-3CAADFA12972}.Release|Any CPU.Build.0 = Release|Any CPU
		{53AACB4E-2079-4987-9899-06134DBD1421}.Debug|Any CPU.ActiveCfg = Debug|Any CPU
		{53AACB4E-2079-4987-9899-06134DBD1421}.Debug|Any CPU.Build.0 = Debug|Any CPU
		{53AACB4E-2079-4987-9899-06134DBD1421}.Release|Any CPU.ActiveCfg = Release|Any CPU
		{53AACB4E-2079-4987-9899-06134DBD1421}.Release|Any CPU.Build.0 = Release|Any CPU
	EndGlobalSection
	GlobalSection(SolutionProperties) = preSolution
		HideSolutionNode = FALSE
	EndGlobalSection
	GlobalSection(ExtensibilityGlobals) = postSolution
		SolutionGuid = {FBA5638F-BA9F-4581-AB96-00A17A917D2A}
	EndGlobalSection
EndGlobal
